hash: 51c5efb2b911210a78aca4b9364fc6976a9c80a321b7d4cdb750bdd02eb16180
updated: 2016-11-09T16:24:18.469031896-05:00
imports:
- name: github.com/casimir/xdg-go
  version: 372ccc2180dab73316615641d5617c5ed3e35529
- name: github.com/ConradIrwin/font
  version: df0800a59c6ce858666762771202df667b843d2f
  subpackages:
  - sfnt
- name: github.com/Crosse/gosimplelogger
  version: 92f9415e2ce2d0eabae512a1c98bff39f7f4a862
- name: golang.org/x/sys
  version: 9a2e24c3733eddc63871eda99f253e2db29bd3b9
  subpackages:
  - windows
  - windows/registry
- name: golang.org/x/text
  version: a263ba8db058568bb9beba166777d9c9dbe75d68
  subpackages:
  - encoding
  - encoding/charmap
  - encoding/internal
  - encoding/internal/identifier
  - encoding/unicode
  - internal/utf8internal
  - runes
  - transform
testImports: []
