dmitri.shuralyov.com/font/woff2 v0.0.0-20180220214647-957792cbbdab h1:Ew70NL+wL6v9looOiJJthlqA41VzoJS+q9AyjHJe6/g=
dmitri.shuralyov.com/font/woff2 v0.0.0-20180220214647-957792cbbdab/go.mod h1:FvHgTMJanm43G7B3MVSjS/jim5ytVqAJNAOpRhnuHJc=
github.com/ConradIrwin/font v0.0.0-20190603172541-e12dbea4cf12 h1:p6Fbemw7MLL8GECFdqBnGqrY6tfeNEECS1Gckyt6JJg=
github.com/ConradIrwin/font v0.0.0-20190603172541-e12dbea4cf12/go.mod h1:RfqDRypmK6cOLNPzccgIJ999A/yzpd0iGh6xazqpWrY=
github.com/Crosse/gosimplelogger v0.2.0 h1:ETC8ar0tehvg3unr4NO5+ArBFZkG16WflLObDUXuyKY=
github.com/Crosse/gosimplelogger v0.2.0/go.mod h1:whwzH0thK39LhKDbhxl6Uq/7ykKuwNkySB2v6vm6tf0=
github.com/casimir/xdg-go v0.0.0-20160329195404-372ccc2180da h1:hjpZV7G49m1bly++F+Gho1Sbf2+eBW/eTLJWuRkH9Uc=
github.com/casimir/xdg-go v0.0.0-20160329195404-372ccc2180da/go.mod h1:dywSSi3sMtJn2IjiYfJciP9tjVVeIVRa7AE7N5WLUBo=
github.com/dsnet/compress v0.0.1 h1:PlZu0n3Tuv04TzpfPbrnI0HW/YwodEXDS+oPKahKF0Q=
github.com/dsnet/compress v0.0.1/go.mod h1:Aw8dCMJ7RioblQeTqt88akK31OvO8Dhf5JflhBbQEHo=
github.com/dsnet/golib v0.0.0-20171103203638-1ea166775780/go.mod h1:Lj+Z9rebOhdfkVLjJ8T6VcRQv3SXugXy999NBtR9aFY=
github.com/klauspost/compress v1.4.1/go.mod h1:RyIbtBH6LamlWaDj8nUwkbUhJ87Yi3uG0guNDohfE1A=
github.com/klauspost/cpuid v1.2.0/go.mod h1:Pj4uuM528wm8OyEC2QMXAi2YiTZ96dNQPGgoMS4s3ek=
github.com/shurcooL/gofontwoff v0.0.0-20181114050219-180f79e6909d h1:lvCTyBbr36+tqMccdGMwuEU+hjux/zL6xSmf5S9ITaA=
github.com/shurcooL/gofontwoff v0.0.0-20181114050219-180f79e6909d/go.mod h1:05UtEgK5zq39gLST6uB0cf3NEHjETfB4Fgr3Gx5R9Vw=
github.com/ulikunitz/xz v0.5.6/go.mod h1:2bypXElzHzzJZwzH67Y6wb67pO62Rzfn7BSiF4ABRW8=
golang.org/x/sys v0.6.0 h1:MVltZSvRTcU2ljQOhs94SXPftV6DCNnZViHeQps87pQ=
golang.org/x/sys v0.6.0/go.mod h1:oPkhp1MJrh7nUepCBck5+mAzfO9JrbApNNgaTdGDITg=
golang.org/x/text v0.3.8 h1:nAL+RVCQ9uMn3vJZbV+MRnydTJFPf8qqY42YiA6MrqY=
golang.org/x/text v0.3.8/go.mod h1:E6s5w1FMmriuDzIBO73fBruAKo1PCIq6d2Q6DHfQ8WQ=
