# This file is autogenerated, do not edit; changes may be undone by the next 'dep ensure'.


[[projects]]
  branch = "master"
  name = "dmitri.shuralyov.com/font/woff2"
  packages = ["."]
  revision = "957792cbbdabb084d484a7dcfd1e5b1a739a0ced"

[[projects]]
  branch = "master"
  name = "github.com/ConradIrwin/font"
  packages = ["sfnt"]
  revision = "ba3a36e6f0fa168a0d9a8b4dc3a5189a4a62347a"

[[projects]]
  name = "github.com/Crosse/gosimplelogger"
  packages = ["."]
  revision = "92f9415e2ce2d0eabae512a1c98bff39f7f4a862"
  version = "v0.1.0"

[[projects]]
  branch = "master"
  name = "github.com/casimir/xdg-go"
  packages = ["."]
  revision = "372ccc2180dab73316615641d5617c5ed3e35529"

[[projects]]
  branch = "master"
  name = "github.com/dsnet/compress"
  packages = [
    "brotli",
    "internal",
    "internal/errors"
  ]
  revision = "cc9eb1d7ad760af14e8f918698f745e80377af4f"

[[projects]]
  branch = "master"
  name = "golang.org/x/sys"
  packages = [
    "windows",
    "windows/registry"
  ]
  revision = "c11f84a56e43e20a78cee75a7c034031ecf57d1f"

[[projects]]
  name = "golang.org/x/text"
  packages = [
    "encoding",
    "encoding/charmap",
    "encoding/internal",
    "encoding/internal/identifier",
    "encoding/unicode",
    "internal/gen",
    "internal/utf8internal",
    "runes",
    "transform",
    "unicode/cldr"
  ]
  revision = "f21a4dfb5e38f5895301dc265a8def02365cc3d0"
  version = "v0.3.0"

[solve-meta]
  analyzer-name = "dep"
  analyzer-version = 1
  inputs-digest = "cde5d1d4e34b19041fb2022a9f79284ee9d3fa61ce6e5c5189c3eafce649954f"
  solver-name = "gps-cdcl"
  solver-version = 1
